
Microsoft Visual Studio Solution File, Format Version 12.00
# Visual Studio Version 16
VisualStudioVersion = 16.0.29102.190
MinimumVisualStudioVersion = 10.0.40219.1
Project("{FAE04EC0-301F-11D3-BF4B-00C04F79EFBC}") = "Lab 9", "Lab 9.csproj", "{A7DDE887-DC1B-4FD8-8460-3C3C9EB663AE}"
EndProject
Global
	GlobalSection(SolutionConfigurationPlatforms) = preSolution
		Debug|Any CPU = Debug|Any CPU
		Release|Any CPU = Release|Any CPU
	EndGlobalSection
	GlobalSection(ProjectConfigurationPlatforms) = postSolution
		{A7DDE887-DC1B-4FD8-8460-3C3C9EB663AE}.Debug|Any CPU.ActiveCfg = Debug|Any CPU
		{A7DDE887-DC1B-4FD8-8460-3C3C9EB663AE}.Debug|Any CPU.Build.0 = Debug|Any CPU
		{A7DDE887-DC1B-4FD8-8460-3C3C9EB663AE}.Release|Any CPU.ActiveCfg = Release|Any CPU
		{A7DDE887-DC1B-4FD8-8460-3C3C9EB663AE}.Release|Any CPU.Build.0 = Release|Any CPU
	EndGlobalSection
	GlobalSection(SolutionProperties) = preSolution
		HideSolutionNode = FALSE
	EndGlobalSection
	GlobalSection(ExtensibilityGlobals) = postSolution
		SolutionGuid = {FC291C89-F7FF-4765-B010-5C96AD31EF6B}
	EndGlobalSection
EndGlobal
